// !$*UTF8*$!
{
	archiveVersion = 1;
	classes = {
	};
	objectVersion = 51;
	objects = {

/* Begin PBXBuildFile section */
		8D90DCA626A68AC700D025D9 /* AppDelegate.swift in Sources */ = {isa = PBXBuildFile; fileRef = 8D90DCA526A68AC700D025D9 /* AppDelegate.swift */; };
		8D90DCA826A68AC700D025D9 /* SceneDelegate.swift in Sources */ = {isa = PBXBuildFile; fileRef = 8D90DCA726A68AC700D025D9 /* SceneDelegate.swift */; };
		8D90DCAA26A68AC800D025D9 /* TodoViewController.swift in Sources */ = {isa = PBXBuildFile; fileRef = 8D90DCA926A68AC800D025D9 /* TodoViewController.swift */; };
		8D90DCAD26A68AC800D025D9 /* Main.storyboard in Resources */ = {isa = PBXBuildFile; fileRef = 8D90DCAB26A68AC800D025D9 /* Main.storyboard */; };
		8D90DCAF26A68ACD00D025D9 /* Assets.xcassets in Resources */ = {isa = PBXBuildFile; fileRef = 8D90DCAE26A68ACD00D025D9 /* Assets.xcassets */; };
		8D90DCB226A68ACD00D025D9 /* LaunchScreen.storyboard in Resources */ = {isa = PBXBuildFile; fileRef = 8D90DCB026A68ACD00D025D9 /* LaunchScreen.storyboard */; };
		8DBF9C5D26B17E7D0019E1BF /* Item.swift in Sources */ = {isa = PBXBuildFile; fileRef = 8DBF9C5C26B17E7D0019E1BF /* Item.swift */; };
		8DBF9C5F26B17E930019E1BF /* Category.swift in Sources */ = {isa = PBXBuildFile; fileRef = 8DBF9C5E26B17E930019E1BF /* Category.swift */; };
		8DC272C426B41B1D00617C91 /* SwipeTableViewController.swift in Sources */ = {isa = PBXBuildFile; fileRef = 8DC272C326B41B1D00617C91 /* SwipeTableViewController.swift */; };
		8DEA717326AED35600922528 /* CategoryViewController.swift in Sources */ = {isa = PBXBuildFile; fileRef = 8DEA717226AED35600922528 /* CategoryViewController.swift */; };
		E791A8EFBEFB848FE42505C9 /* Pods_ToDo.framework in Frameworks */ = {isa = PBXBuildFile; fileRef = 6291804A798E1426136A583E /* Pods_ToDo.framework */; };
/* End PBXBuildFile section */

/* Begin PBXFileReference section */
		6291804A798E1426136A583E /* Pods_ToDo.framework */ = {isa = PBXFileReference; explicitFileType = wrapper.framework; includeInIndex = 0; path = Pods_ToDo.framework; sourceTree = BUILT_PRODUCTS_DIR; };
		8D90DCA226A68AC700D025D9 /* ToDo.app */ = {isa = PBXFileReference; explicitFileType = wrapper.application; includeInIndex = 0; path = ToDo.app; sourceTree = BUILT_PRODUCTS_DIR; };
		8D90DCA526A68AC700D025D9 /* AppDelegate.swift */ = {isa = PBXFileReference; lastKnownFileType = sourcecode.swift; path = AppDelegate.swift; sourceTree = "<group>"; };
		8D90DCA726A68AC700D025D9 /* SceneDelegate.swift */ = {isa = PBXFileReference; lastKnownFileType = sourcecode.swift; path = SceneDelegate.swift; sourceTree = "<group>"; };
		8D90DCA926A68AC800D025D9 /* TodoViewController.swift */ = {isa = PBXFileReference; lastKnownFileType = sourcecode.swift; path = TodoViewController.swift; sourceTree = "<group>"; };
		8D90DCAC26A68AC800D025D9 /* Base */ = {isa = PBXFileReference; lastKnownFileType = file.storyboard; name = Base; path = Base.lproj/Main.storyboard; sourceTree = "<group>"; };
		8D90DCAE26A68ACD00D025D9 /* Assets.xcassets */ = {isa = PBXFileReference; lastKnownFileType = folder.assetcatalog; path = Assets.xcassets; sourceTree = "<group>"; };
		8D90DCB126A68ACD00D025D9 /* Base */ = {isa = PBXFileReference; lastKnownFileType = file.storyboard; name = Base; path = Base.lproj/LaunchScreen.storyboard; sourceTree = "<group>"; };
		8D90DCB326A68ACD00D025D9 /* Info.plist */ = {isa = PBXFileReference; lastKnownFileType = text.plist.xml; path = Info.plist; sourceTree = "<group>"; };
		8DBF9C5C26B17E7D0019E1BF /* Item.swift */ = {isa = PBXFileReference; lastKnownFileType = sourcecode.swift; path = Item.swift; sourceTree = "<group>"; };
		8DBF9C5E26B17E930019E1BF /* Category.swift */ = {isa = PBXFileReference; lastKnownFileType = sourcecode.swift; path = Category.swift; sourceTree = "<group>"; };
		8DC272C326B41B1D00617C91 /* SwipeTableViewController.swift */ = {isa = PBXFileReference; lastKnownFileType = sourcecode.swift; path = SwipeTableViewController.swift; sourceTree = "<group>"; };
		8DEA717226AED35600922528 /* CategoryViewController.swift */ = {isa = PBXFileReference; lastKnownFileType = sourcecode.swift; path = CategoryViewController.swift; sourceTree = "<group>"; };
		B7F4DB65CF8CBB6298AB548E /* Pods-ToDo.release.xcconfig */ = {isa = PBXFileReference; includeInIndex = 1; lastKnownFileType = text.xcconfig; name = "Pods-ToDo.release.xcconfig"; path = "Target Support Files/Pods-ToDo/Pods-ToDo.release.xcconfig"; sourceTree = "<group>"; };
		EFCECE3CBFAB130ABE4AD8CF /* Pods-ToDo.debug.xcconfig */ = {isa = PBXFileReference; includeInIndex = 1; lastKnownFileType = text.xcconfig; name = "Pods-ToDo.debug.xcconfig"; path = "Target Support Files/Pods-ToDo/Pods-ToDo.debug.xcconfig"; sourceTree = "<group>"; };
/* End PBXFileReference section */

/* Begin PBXFrameworksBuildPhase section */
		8D90DC9F26A68AC500D025D9 /* Frameworks */ = {
			isa = PBXFrameworksBuildPhase;
			buildActionMask = 2147483647;
			files = (
				E791A8EFBEFB848FE42505C9 /* Pods_ToDo.framework in Frameworks */,
			);
			runOnlyForDeploymentPostprocessing = 0;
		};
/* End PBXFrameworksBuildPhase section */

/* Begin PBXGroup section */
		633C1D8365AA73D2225835E8 /* Frameworks */ = {
			isa = PBXGroup;
			children = (
				6291804A798E1426136A583E /* Pods_ToDo.framework */,
			);
			name = Frameworks;
			sourceTree = "<group>";
		};
		890E93A9A805D14F91255C96 /* Pods */ = {
			isa = PBXGroup;
			children = (
				EFCECE3CBFAB130ABE4AD8CF /* Pods-ToDo.debug.xcconfig */,
				B7F4DB65CF8CBB6298AB548E /* Pods-ToDo.release.xcconfig */,
			);
			path = Pods;
			sourceTree = "<group>";
		};
		8D79E34E26A9301C00E1499F /* Data Model */ = {
			isa = PBXGroup;
			children = (
				8DBF9C5E26B17E930019E1BF /* Category.swift */,
				8DBF9C5C26B17E7D0019E1BF /* Item.swift */,
			);
			path = "Data Model";
			sourceTree = "<group>";
		};
		8D79E34F26A9304200E1499F /* Controllers */ = {
			isa = PBXGroup;
			children = (
				8DEA717226AED35600922528 /* CategoryViewController.swift */,
				8D90DCA926A68AC800D025D9 /* TodoViewController.swift */,
				8DC272C326B41B1D00617C91 /* SwipeTableViewController.swift */,
			);
			path = Controllers;
			sourceTree = "<group>";
		};
		8D79E35026A9307E00E1499F /* Views */ = {
			isa = PBXGroup;
			children = (
				8D90DCAB26A68AC800D025D9 /* Main.storyboard */,
			);
			path = Views;
			sourceTree = "<group>";
		};
		8D79E35126A930DB00E1499F /* Supporting Files */ = {
			isa = PBXGroup;
			children = (
				8D90DCAE26A68ACD00D025D9 /* Assets.xcassets */,
				8D90DCB026A68ACD00D025D9 /* LaunchScreen.storyboard */,
			);
			path = "Supporting Files";
			sourceTree = "<group>";
		};
		8D90DC9926A68AC500D025D9 = {
			isa = PBXGroup;
			children = (
				8D90DCA426A68AC700D025D9 /* ToDo */,
				8D90DCA326A68AC700D025D9 /* Products */,
				890E93A9A805D14F91255C96 /* Pods */,
				633C1D8365AA73D2225835E8 /* Frameworks */,
			);
			sourceTree = "<group>";
		};
		8D90DCA326A68AC700D025D9 /* Products */ = {
			isa = PBXGroup;
			children = (
				8D90DCA226A68AC700D025D9 /* ToDo.app */,
			);
			name = Products;
			sourceTree = "<group>";
		};
		8D90DCA426A68AC700D025D9 /* ToDo */ = {
			isa = PBXGroup;
			children = (
				8D90DCA526A68AC700D025D9 /* AppDelegate.swift */,
				8D90DCA726A68AC700D025D9 /* SceneDelegate.swift */,
				8D79E34E26A9301C00E1499F /* Data Model */,
				8D79E35026A9307E00E1499F /* Views */,
				8D79E34F26A9304200E1499F /* Controllers */,
				8D79E35126A930DB00E1499F /* Supporting Files */,
				8D90DCB326A68ACD00D025D9 /* Info.plist */,
			);
			path = ToDo;
			sourceTree = "<group>";
		};
/* End PBXGroup section */

/* Begin PBXNativeTarget section */
		8D90DCA126A68AC500D025D9 /* ToDo */ = {
			isa = PBXNativeTarget;
			buildConfigurationList = 8D90DCB626A68ACD00D025D9 /* Build configuration list for PBXNativeTarget "ToDo" */;
			buildPhases = (
				C1793578BA1BFBBB619A96AD /* [CP] Check Pods Manifest.lock */,
				8D90DC9E26A68AC500D025D9 /* Sources */,
				8D90DC9F26A68AC500D025D9 /* Frameworks */,
				8D90DCA026A68AC500D025D9 /* Resources */,
				F231799E537C52CF74DFFA92 /* [CP] Embed Pods Frameworks */,
			);
			buildRules = (
			);
			dependencies = (
			);
			name = ToDo;
			productName = ToDo;
			productReference = 8D90DCA226A68AC700D025D9 /* ToDo.app */;
			productType = "com.apple.product-type.application";
		};
/* End PBXNativeTarget section */

/* Begin PBXProject section */
		8D90DC9A26A68AC500D025D9 /* Project object */ = {
			isa = PBXProject;
			attributes = {
				LastSwiftUpdateCheck = 1250;
				LastUpgradeCheck = 1250;
				TargetAttributes = {
					8D90DCA126A68AC500D025D9 = {
						CreatedOnToolsVersion = 12.5;
					};
				};
			};
			buildConfigurationList = 8D90DC9D26A68AC500D025D9 /* Build configuration list for PBXProject "ToDo" */;
			compatibilityVersion = "Xcode 9.3";
			developmentRegion = en;
			hasScannedForEncodings = 0;
			knownRegions = (
				en,
				Base,
			);
			mainGroup = 8D90DC9926A68AC500D025D9;
			productRefGroup = 8D90DCA326A68AC700D025D9 /* Products */;
			projectDirPath = "";
			projectRoot = "";
			targets = (
				8D90DCA126A68AC500D025D9 /* ToDo */,
			);
		};
/* End PBXProject section */

/* Begin PBXResourcesBuildPhase section */
		8D90DCA026A68AC500D025D9 /* Resources */ = {
			isa = PBXResourcesBuildPhase;
			buildActionMask = 2147483647;
			files = (
				8D90DCB226A68ACD00D025D9 /* LaunchScreen.storyboard in Resources */,
				8D90DCAF26A68ACD00D025D9 /* Assets.xcassets in Resources */,
				8D90DCAD26A68AC800D025D9 /* Main.storyboard in Resources */,
			);
			runOnlyForDeploymentPostprocessing = 0;
		};
/* End PBXResourcesBuildPhase section */

/* Begin PBXShellScriptBuildPhase section */
		C1793578BA1BFBBB619A96AD /* [CP] Check Pods Manifest.lock */ = {
			isa = PBXShellScriptBuildPhase;
			buildActionMask = 2147483647;
			files = (
			);
			inputFileListPaths = (
			);
			inputPaths = (
				"${PODS_PODFILE_DIR_PATH}/Podfile.lock",
				"${PODS_ROOT}/Manifest.lock",
			);
			name = "[CP] Check Pods Manifest.lock";
			outputFileListPaths = (
			);
			outputPaths = (
				"$(DERIVED_FILE_DIR)/Pods-ToDo-checkManifestLockResult.txt",
			);
			runOnlyForDeploymentPostprocessing = 0;
			shellPath = /bin/sh;
			shellScript = "diff \"${PODS_PODFILE_DIR_PATH}/Podfile.lock\" \"${PODS_ROOT}/Manifest.lock\" > /dev/null\nif [ $? != 0 ] ; then\n    # print error to STDERR\n    echo \"error: The sandbox is not in sync with the Podfile.lock. Run 'pod install' or update your CocoaPods installation.\" >&2\n    exit 1\nfi\n# This output is used by Xcode 'outputs' to avoid re-running this script phase.\necho \"SUCCESS\" > \"${SCRIPT_OUTPUT_FILE_0}\"\n";
			showEnvVarsInLog = 0;
		};
		F231799E537C52CF74DFFA92 /* [CP] Embed Pods Frameworks */ = {
			isa = PBXShellScriptBuildPhase;
			buildActionMask = 2147483647;
			files = (
			);
			inputFileListPaths = (
				"${PODS_ROOT}/Target Support Files/Pods-ToDo/Pods-ToDo-frameworks-${CONFIGURATION}-input-files.xcfilelist",
			);
			name = "[CP] Embed Pods Frameworks";
			outputFileListPaths = (
				"${PODS_ROOT}/Target Support Files/Pods-ToDo/Pods-ToDo-frameworks-${CONFIGURATION}-output-files.xcfilelist",
			);
			runOnlyForDeploymentPostprocessing = 0;
			shellPath = /bin/sh;
			shellScript = "\"${PODS_ROOT}/Target Support Files/Pods-ToDo/Pods-ToDo-frameworks.sh\"\n";
			showEnvVarsInLog = 0;
		};
/* End PBXShellScriptBuildPhase section */

/* Begin PBXSourcesBuildPhase section */
		8D90DC9E26A68AC500D025D9 /* Sources */ = {
			isa = PBXSourcesBuildPhase;
			buildActionMask = 2147483647;
			files = (
				8DEA717326AED35600922528 /* CategoryViewController.swift in Sources */,
				8D90DCAA26A68AC800D025D9 /* TodoViewController.swift in Sources */,
				8D90DCA626A68AC700D025D9 /* AppDelegate.swift in Sources */,
				8DC272C426B41B1D00617C91 /* SwipeTableViewController.swift in Sources */,
				8DBF9C5D26B17E7D0019E1BF /* Item.swift in Sources */,
				8D90DCA826A68AC700D025D9 /* SceneDelegate.swift in Sources */,
				8DBF9C5F26B17E930019E1BF /* Category.swift in Sources */,
			);
			runOnlyForDeploymentPostprocessing = 0;
		};
/* End PBXSourcesBuildPhase section */

/* Begin PBXVariantGroup section */
		8D90DCAB26A68AC800D025D9 /* Main.storyboard */ = {
			isa = PBXVariantGroup;
			children = (
				8D90DCAC26A68AC800D025D9 /* Base */,
			);
			name = Main.storyboard;
			sourceTree = "<group>";
		};
		8D90DCB026A68ACD00D025D9 /* LaunchScreen.storyboard */ = {
			isa = PBXVariantGroup;
			children = (
				8D90DCB126A68ACD00D025D9 /* Base */,
			);
			name = LaunchScreen.storyboard;
			sourceTree = "<group>";
		};
/* End PBXVariantGroup section */

/* Begin XCBuildConfiguration section */
		8D90DCB426A68ACD00D025D9 /* Debug */ = {
			isa = XCBuildConfiguration;
			buildSettings = {
				ALWAYS_SEARCH_USER_PATHS = NO;
				CLANG_ANALYZER_NONNULL = YES;
				CLANG_ANALYZER_NUMBER_OBJECT_CONVERSION = YES_AGGRESSIVE;
				CLANG_CXX_LANGUAGE_STANDARD = "gnu++14";
				CLANG_CXX_LIBRARY = "libc++";
				CLANG_ENABLE_MODULES = YES;
				CLANG_ENABLE_OBJC_ARC = YES;
				CLANG_ENABLE_OBJC_WEAK = YES;
				CLANG_WARN_BLOCK_CAPTURE_AUTORELEASING = YES;
				CLANG_WARN_BOOL_CONVERSION = YES;
				CLANG_WARN_COMMA = YES;
				CLANG_WARN_CONSTANT_CONVERSION = YES;
				CLANG_WARN_DEPRECATED_OBJC_IMPLEMENTATIONS = YES;
				CLANG_WARN_DIRECT_OBJC_ISA_USAGE = YES_ERROR;
				CLANG_WARN_DOCUMENTATION_COMMENTS = YES;
				CLANG_WARN_EMPTY_BODY = YES;
				CLANG_WARN_ENUM_CONVERSION = YES;
				CLANG_WARN_INFINITE_RECURSION = YES;
				CLANG_WARN_INT_CONVERSION = YES;
				CLANG_WARN_NON_LITERAL_NULL_CONVERSION = YES;
				CLANG_WARN_OBJC_IMPLICIT_RETAIN_SELF = YES;
				CLANG_WARN_OBJC_LITERAL_CONVERSION = YES;
				CLANG_WARN_OBJC_ROOT_CLASS = YES_ERROR;
				CLANG_WARN_QUOTED_INCLUDE_IN_FRAMEWORK_HEADER = YES;
				CLANG_WARN_RANGE_LOOP_ANALYSIS = YES;
				CLANG_WARN_STRICT_PROTOTYPES = YES;
				CLANG_WARN_SUSPICIOUS_MOVE = YES;
				CLANG_WARN_UNGUARDED_AVAILABILITY = YES_AGGRESSIVE;
				CLANG_WARN_UNREACHABLE_CODE = YES;
				CLANG_WARN__DUPLICATE_METHOD_MATCH = YES;
				COPY_PHASE_STRIP = NO;
				DEBUG_INFORMATION_FORMAT = dwarf;
				ENABLE_STRICT_OBJC_MSGSEND = YES;
				ENABLE_TESTABILITY = YES;
				GCC_C_LANGUAGE_STANDARD = gnu11;
				GCC_DYNAMIC_NO_PIC = NO;
				GCC_NO_COMMON_BLOCKS = YES;
				GCC_OPTIMIZATION_LEVEL = 0;
				GCC_PREPROCESSOR_DEFINITIONS = (
					"DEBUG=1",
					"$(inherited)",
				);
				GCC_WARN_64_TO_32_BIT_CONVERSION = YES;
				GCC_WARN_ABOUT_RETURN_TYPE = YES_ERROR;
				GCC_WARN_UNDECLARED_SELECTOR = YES;
				GCC_WARN_UNINITIALIZED_AUTOS = YES_AGGRESSIVE;
				GCC_WARN_UNUSED_FUNCTION = YES;
				GCC_WARN_UNUSED_VARIABLE = YES;
				IPHONEOS_DEPLOYMENT_TARGET = 14.5;
				MTL_ENABLE_DEBUG_INFO = INCLUDE_SOURCE;
				MTL_FAST_MATH = YES;
				ONLY_ACTIVE_ARCH = YES;
				SDKROOT = iphoneos;
				SWIFT_ACTIVE_COMPILATION_CONDITIONS = DEBUG;
				SWIFT_OPTIMIZATION_LEVEL = "-Onone";
			};
			name = Debug;
		};
		8D90DCB526A68ACD00D025D9 /* Release */ = {
			isa = XCBuildConfiguration;
			buildSettings = {
				ALWAYS_SEARCH_USER_PATHS = NO;
				CLANG_ANALYZER_NONNULL = YES;
				CLANG_ANALYZER_NUMBER_OBJECT_CONVERSION = YES_AGGRESSIVE;
				CLANG_CXX_LANGUAGE_STANDARD = "gnu++14";
				CLANG_CXX_LIBRARY = "libc++";
				CLANG_ENABLE_MODULES = YES;
				CLANG_ENABLE_OBJC_ARC = YES;
				CLANG_ENABLE_OBJC_WEAK = YES;
				CLANG_WARN_BLOCK_CAPTURE_AUTORELEASING = YES;
				CLANG_WARN_BOOL_CONVERSION = YES;
				CLANG_WARN_COMMA = YES;
				CLANG_WARN_CONSTANT_CONVERSION = YES;
				CLANG_WARN_DEPRECATED_OBJC_IMPLEMENTATIONS = YES;
				CLANG_WARN_DIRECT_OBJC_ISA_USAGE = YES_ERROR;
				CLANG_WARN_DOCUMENTATION_COMMENTS = YES;
				CLANG_WARN_EMPTY_BODY = YES;
				CLANG_WARN_ENUM_CONVERSION = YES;
				CLANG_WARN_INFINITE_RECURSION = YES;
				CLANG_WARN_INT_CONVERSION = YES;
				CLANG_WARN_NON_LITERAL_NULL_CONVERSION = YES;
				CLANG_WARN_OBJC_IMPLICIT_RETAIN_SELF = YES;
				CLANG_WARN_OBJC_LITERAL_CONVERSION = YES;
				CLANG_WARN_OBJC_ROOT_CLASS = YES_ERROR;
				CLANG_WARN_QUOTED_INCLUDE_IN_FRAMEWORK_HEADER = YES;
				CLANG_WARN_RANGE_LOOP_ANALYSIS = YES;
				CLANG_WARN_STRICT_PROTOTYPES = YES;
				CLANG_WARN_SUSPICIOUS_MOVE = YES;
				CLANG_WARN_UNGUARDED_AVAILABILITY = YES_AGGRESSIVE;
				CLANG_WARN_UNREACHABLE_CODE = YES;
				CLANG_WARN__DUPLICATE_METHOD_MATCH = YES;
				COPY_PHASE_STRIP = NO;
				DEBUG_INFORMATION_FORMAT = "dwarf-with-dsym";
				ENABLE_NS_ASSERTIONS = NO;
				ENABLE_STRICT_OBJC_MSGSEND = YES;
				GCC_C_LANGUAGE_STANDARD = gnu11;
				GCC_NO_COMMON_BLOCKS = YES;
				GCC_WARN_64_TO_32_BIT_CONVERSION = YES;
				GCC_WARN_ABOUT_RETURN_TYPE = YES_ERROR;
				GCC_WARN_UNDECLARED_SELECTOR = YES;
				GCC_WARN_UNINITIALIZED_AUTOS = YES_AGGRESSIVE;
				GCC_WARN_UNUSED_FUNCTION = YES;
				GCC_WARN_UNUSED_VARIABLE = YES;
				IPHONEOS_DEPLOYMENT_TARGET = 14.5;
				MTL_ENABLE_DEBUG_INFO = NO;
				MTL_FAST_MATH = YES;
				SDKROOT = iphoneos;
				SWIFT_COMPILATION_MODE = wholemodule;
				SWIFT_OPTIMIZATION_LEVEL = "-O";
				VALIDATE_PRODUCT = YES;
			};
			name = Release;
		};
		8D90DCB726A68ACD00D025D9 /* Debug */ = {
			isa = XCBuildConfiguration;
			baseConfigurationReference = EFCECE3CBFAB130ABE4AD8CF /* Pods-ToDo.debug.xcconfig */;
			buildSettings = {
				ASSETCATALOG_COMPILER_APPICON_NAME = AppIcon;
				ASSETCATALOG_COMPILER_GLOBAL_ACCENT_COLOR_NAME = AccentColor;
				CODE_SIGN_STYLE = Automatic;
				DEVELOPMENT_TEAM = M42X6KTX7A;
				INFOPLIST_FILE = ToDo/Info.plist;
				IPHONEOS_DEPLOYMENT_TARGET = 13.0;
				LD_RUNPATH_SEARCH_PATHS = (
					"$(inherited)",
					"@executable_path/Frameworks",
				);
				PRODUCT_BUNDLE_IDENTIFIER = com.ritu.ToDo;
				PRODUCT_NAME = "$(TARGET_NAME)";
				SWIFT_VERSION = 5.0;
				TARGETED_DEVICE_FAMILY = "1,2";
			};
			name = Debug;
		};
		8D90DCB826A68ACD00D025D9 /* Release */ = {
			isa = XCBuildConfiguration;
			baseConfigurationReference = B7F4DB65CF8CBB6298AB548E /* Pods-ToDo.release.xcconfig */;
			buildSettings = {
				ASSETCATALOG_COMPILER_APPICON_NAME = AppIcon;
				ASSETCATALOG_COMPILER_GLOBAL_ACCENT_COLOR_NAME = AccentColor;
				CODE_SIGN_STYLE = Automatic;
				DEVELOPMENT_TEAM = M42X6KTX7A;
				INFOPLIST_FILE = ToDo/Info.plist;
				IPHONEOS_DEPLOYMENT_TARGET = 13.0;
				LD_RUNPATH_SEARCH_PATHS = (
					"$(inherited)",
					"@executable_path/Frameworks",
				);
				PRODUCT_BUNDLE_IDENTIFIER = com.ritu.ToDo;
				PRODUCT_NAME = "$(TARGET_NAME)";
				SWIFT_VERSION = 5.0;
				TARGETED_DEVICE_FAMILY = "1,2";
			};
			name = Release;
		};
/* End XCBuildConfiguration section */

/* Begin XCConfigurationList section */
		8D90DC9D26A68AC500D025D9 /* Build configuration list for PBXProject "ToDo" */ = {
			isa = XCConfigurationList;
			buildConfigurations = (
				8D90DCB426A68ACD00D025D9 /* Debug */,
				8D90DCB526A68ACD00D025D9 /* Release */,
			);
			defaultConfigurationIsVisible = 0;
			defaultConfigurationName = Release;
		};
		8D90DCB626A68ACD00D025D9 /* Build configuration list for PBXNativeTarget "ToDo" */ = {
			isa = XCConfigurationList;
			buildConfigurations = (
				8D90DCB726A68ACD00D025D9 /* Debug */,
				8D90DCB826A68ACD00D025D9 /* Release */,
			);
			defaultConfigurationIsVisible = 0;
			defaultConfigurationName = Release;
		};
/* End XCConfigurationList section */
	};
	rootObject = 8D90DC9A26A68AC500D025D9 /* Project object */;
}
